
Microsoft Visual Studio Solution File, Format Version 12.00
# Visual Studio 15
VisualStudioVersion = 15.0.27004.2009
MinimumVisualStudioVersion = 10.0.40219.1
Project("{FAE04EC0-301F-11D3-BF4B-00C04F79EFBC}") = "XML ülesanne", "XML ülesanne\XML ülesanne.csproj", "{FCDA00BF-E827-4FDB-9514-2FBFC7B8453B}"
EndProject
Global
	GlobalSection(SolutionConfigurationPlatforms) = preSolution
		Debug|Any CPU = Debug|Any CPU
		Release|Any CPU = Release|Any CPU
	EndGlobalSection
	GlobalSection(ProjectConfigurationPlatforms) = postSolution
		{FCDA00BF-E827-4FDB-9514-2FBFC7B8453B}.Debug|Any CPU.ActiveCfg = Debug|Any CPU
		{FCDA00BF-E827-4FDB-9514-2FBFC7B8453B}.Debug|Any CPU.Build.0 = Debug|Any CPU
		{FCDA00BF-E827-4FDB-9514-2FBFC7B8453B}.Release|Any CPU.ActiveCfg = Release|Any CPU
		{FCDA00BF-E827-4FDB-9514-2FBFC7B8453B}.Release|Any CPU.Build.0 = Release|Any CPU
	EndGlobalSection
	GlobalSection(SolutionProperties) = preSolution
		HideSolutionNode = FALSE
	EndGlobalSection
	GlobalSection(ExtensibilityGlobals) = postSolution
		SolutionGuid = {B2F451FF-647C-44FE-BFD1-4A0ACA05B191}
	EndGlobalSection
EndGlobal
